
Microsoft Visual Studio Solution File, Format Version 11.00
# Visual Studio 2010
Project("{FAE04EC0-301F-11D3-BF4B-00C04F79EFBC}") = "UnityUIExtensions", "UnityUIExtensions.csproj", "{4b06f23d-5e15-1f2c-044c-5b76847e3552}"
EndProject
Project("{FAE04EC0-301F-11D3-BF4B-00C04F79EFBC}") = "UnityUIExtensions.examples", "UnityUIExtensions.examples.csproj", "{eb1a7507-d84a-f3e9-9242-512025745a50}"
EndProject
Project("{FAE04EC0-301F-11D3-BF4B-00C04F79EFBC}") = "Assets.Scripts.Physics", "Assets.Scripts.Physics.csproj", "{1ed6883c-23d3-0411-77ba-20b801729070}"
EndProject
Project("{FAE04EC0-301F-11D3-BF4B-00C04F79EFBC}") = "UnityUIExtensions.editor", "UnityUIExtensions.editor.csproj", "{83339d5f-47c5-ef55-039a-13a5618cd120}"
EndProject
Project("{FAE04EC0-301F-11D3-BF4B-00C04F79EFBC}") = "Assembly-CSharp-Editor", "Assembly-CSharp-Editor.csproj", "{e659e24c-5470-a1e7-4dda-4d9e5ae178c6}"
EndProject
Project("{FAE04EC0-301F-11D3-BF4B-00C04F79EFBC}") = "DavidUtils", "DavidUtils.csproj", "{b195b350-5f82-196a-330d-3c4e004004bf}"
EndProject
Project("{FAE04EC0-301F-11D3-BF4B-00C04F79EFBC}") = "Assets.Scripts.Map", "Assets.Scripts.Map.csproj", "{8bdb3e98-d617-0799-e30b-ad8b64bb0331}"
EndProject
Project("{FAE04EC0-301F-11D3-BF4B-00C04F79EFBC}") = "Procrain.MapDisplay", "Procrain.MapDisplay.csproj", "{7b050475-1642-87f1-9d07-29ecf9463dff}"
EndProject
Project("{FAE04EC0-301F-11D3-BF4B-00C04F79EFBC}") = "Procrain.UI", "Procrain.UI.csproj", "{e996e243-0900-a7a0-ec7f-6d732b64f567}"
EndProject
Project("{FAE04EC0-301F-11D3-BF4B-00C04F79EFBC}") = "Assembly-CSharp", "Assembly-CSharp.csproj", "{3ca90688-9d82-ac2a-892c-30afa2d8b85e}"
EndProject
Project("{FAE04EC0-301F-11D3-BF4B-00C04F79EFBC}") = "Procrain.Editor", "Procrain.Editor.csproj", "{b090b373-1aab-a0a9-1319-3f6529b40998}"
EndProject
Project("{FAE04EC0-301F-11D3-BF4B-00C04F79EFBC}") = "Procrain.MapGeneration", "Procrain.MapGeneration.csproj", "{830defe6-8853-bf3d-3b4e-45670b5a5be4}"
EndProject
Project("{FAE04EC0-301F-11D3-BF4B-00C04F79EFBC}") = "BezierCurves.Editor", "BezierCurves.Editor.csproj", "{ba3033d2-828b-2be4-f4f7-5253d20f1cdf}"
EndProject
Project("{FAE04EC0-301F-11D3-BF4B-00C04F79EFBC}") = "Procrain.Geometry", "Procrain.Geometry.csproj", "{395f6aa2-5f07-7998-8833-40ad9d50b9bf}"
EndProject
Project("{FAE04EC0-301F-11D3-BF4B-00C04F79EFBC}") = "Procrain.Noise", "Procrain.Noise.csproj", "{5e525b5f-f0be-0341-510c-ac0bbc3cfe1c}"
EndProject
Project("{FAE04EC0-301F-11D3-BF4B-00C04F79EFBC}") = "StylizedWaterForURP", "StylizedWaterForURP.csproj", "{6ceef332-3f85-242c-2769-ab8c364208cd}"
EndProject
Project("{FAE04EC0-301F-11D3-BF4B-00C04F79EFBC}") = "Procrain.Core", "Procrain.Core.csproj", "{95208784-cf22-d1c9-dc9c-b2828bfc165e}"
EndProject
Project("{FAE04EC0-301F-11D3-BF4B-00C04F79EFBC}") = "DavidUtils.Editor", "DavidUtils.Editor.csproj", "{0f7a7cde-a24e-c84f-d785-e4b0323d8a48}"
EndProject
Project("{FAE04EC0-301F-11D3-BF4B-00C04F79EFBC}") = "Procrain.Utils", "Procrain.Utils.csproj", "{dff1b38a-820b-862c-0816-27baa1d9338c}"
EndProject
Project("{FAE04EC0-301F-11D3-BF4B-00C04F79EFBC}") = "Assets.Scripts.UI", "Assets.Scripts.UI.csproj", "{d0bca65a-23bf-530a-653d-d2794386f727}"
EndProject
Project("{FAE04EC0-301F-11D3-BF4B-00C04F79EFBC}") = "Assets.ExternalPackages.BezierCurves", "Assets.ExternalPackages.BezierCurves.csproj", "{1a8157ab-6310-9bdc-bddc-f16864838230}"
EndProject
Project("{FAE04EC0-301F-11D3-BF4B-00C04F79EFBC}") = "Assets.ExternalPackages.SimpleWater", "Assets.ExternalPackages.SimpleWater.csproj", "{96969dfd-3584-eeda-3b17-9c5bae63aaac}"
EndProject
Project("{FAE04EC0-301F-11D3-BF4B-00C04F79EFBC}") = "Core", "Core.csproj", "{acfc75c1-ec13-e18c-2f08-3ce669335049}"
EndProject
Project("{FAE04EC0-301F-11D3-BF4B-00C04F79EFBC}") = "Assets.External_Packages.AutoSave", "Assets.External_Packages.AutoSave.csproj", "{a672ddb6-619f-8d56-be61-2df5c81634c0}"
EndProject
Global
	GlobalSection(SolutionConfigurationPlatforms) = preSolution
		Debug|Any CPU = Debug|Any CPU
	EndGlobalSection
	GlobalSection(ProjectConfigurationPlatforms) = postSolution
		{4b06f23d-5e15-1f2c-044c-5b76847e3552}.Debug|Any CPU.ActiveCfg = Debug|Any CPU
		{4b06f23d-5e15-1f2c-044c-5b76847e3552}.Debug|Any CPU.Build.0 = Debug|Any CPU
		{eb1a7507-d84a-f3e9-9242-512025745a50}.Debug|Any CPU.ActiveCfg = Debug|Any CPU
		{eb1a7507-d84a-f3e9-9242-512025745a50}.Debug|Any CPU.Build.0 = Debug|Any CPU
		{1ed6883c-23d3-0411-77ba-20b801729070}.Debug|Any CPU.ActiveCfg = Debug|Any CPU
		{1ed6883c-23d3-0411-77ba-20b801729070}.Debug|Any CPU.Build.0 = Debug|Any CPU
		{83339d5f-47c5-ef55-039a-13a5618cd120}.Debug|Any CPU.ActiveCfg = Debug|Any CPU
		{83339d5f-47c5-ef55-039a-13a5618cd120}.Debug|Any CPU.Build.0 = Debug|Any CPU
		{e659e24c-5470-a1e7-4dda-4d9e5ae178c6}.Debug|Any CPU.ActiveCfg = Debug|Any CPU
		{e659e24c-5470-a1e7-4dda-4d9e5ae178c6}.Debug|Any CPU.Build.0 = Debug|Any CPU
		{b195b350-5f82-196a-330d-3c4e004004bf}.Debug|Any CPU.ActiveCfg = Debug|Any CPU
		{b195b350-5f82-196a-330d-3c4e004004bf}.Debug|Any CPU.Build.0 = Debug|Any CPU
		{8bdb3e98-d617-0799-e30b-ad8b64bb0331}.Debug|Any CPU.ActiveCfg = Debug|Any CPU
		{8bdb3e98-d617-0799-e30b-ad8b64bb0331}.Debug|Any CPU.Build.0 = Debug|Any CPU
		{7b050475-1642-87f1-9d07-29ecf9463dff}.Debug|Any CPU.ActiveCfg = Debug|Any CPU
		{7b050475-1642-87f1-9d07-29ecf9463dff}.Debug|Any CPU.Build.0 = Debug|Any CPU
		{e996e243-0900-a7a0-ec7f-6d732b64f567}.Debug|Any CPU.ActiveCfg = Debug|Any CPU
		{e996e243-0900-a7a0-ec7f-6d732b64f567}.Debug|Any CPU.Build.0 = Debug|Any CPU
		{3ca90688-9d82-ac2a-892c-30afa2d8b85e}.Debug|Any CPU.ActiveCfg = Debug|Any CPU
		{3ca90688-9d82-ac2a-892c-30afa2d8b85e}.Debug|Any CPU.Build.0 = Debug|Any CPU
		{b090b373-1aab-a0a9-1319-3f6529b40998}.Debug|Any CPU.ActiveCfg = Debug|Any CPU
		{b090b373-1aab-a0a9-1319-3f6529b40998}.Debug|Any CPU.Build.0 = Debug|Any CPU
		{830defe6-8853-bf3d-3b4e-45670b5a5be4}.Debug|Any CPU.ActiveCfg = Debug|Any CPU
		{830defe6-8853-bf3d-3b4e-45670b5a5be4}.Debug|Any CPU.Build.0 = Debug|Any CPU
		{ba3033d2-828b-2be4-f4f7-5253d20f1cdf}.Debug|Any CPU.ActiveCfg = Debug|Any CPU
		{ba3033d2-828b-2be4-f4f7-5253d20f1cdf}.Debug|Any CPU.Build.0 = Debug|Any CPU
		{395f6aa2-5f07-7998-8833-40ad9d50b9bf}.Debug|Any CPU.ActiveCfg = Debug|Any CPU
		{395f6aa2-5f07-7998-8833-40ad9d50b9bf}.Debug|Any CPU.Build.0 = Debug|Any CPU
		{5e525b5f-f0be-0341-510c-ac0bbc3cfe1c}.Debug|Any CPU.ActiveCfg = Debug|Any CPU
		{5e525b5f-f0be-0341-510c-ac0bbc3cfe1c}.Debug|Any CPU.Build.0 = Debug|Any CPU
		{6ceef332-3f85-242c-2769-ab8c364208cd}.Debug|Any CPU.ActiveCfg = Debug|Any CPU
		{6ceef332-3f85-242c-2769-ab8c364208cd}.Debug|Any CPU.Build.0 = Debug|Any CPU
		{95208784-cf22-d1c9-dc9c-b2828bfc165e}.Debug|Any CPU.ActiveCfg = Debug|Any CPU
		{95208784-cf22-d1c9-dc9c-b2828bfc165e}.Debug|Any CPU.Build.0 = Debug|Any CPU
		{0f7a7cde-a24e-c84f-d785-e4b0323d8a48}.Debug|Any CPU.ActiveCfg = Debug|Any CPU
		{0f7a7cde-a24e-c84f-d785-e4b0323d8a48}.Debug|Any CPU.Build.0 = Debug|Any CPU
		{dff1b38a-820b-862c-0816-27baa1d9338c}.Debug|Any CPU.ActiveCfg = Debug|Any CPU
		{dff1b38a-820b-862c-0816-27baa1d9338c}.Debug|Any CPU.Build.0 = Debug|Any CPU
		{d0bca65a-23bf-530a-653d-d2794386f727}.Debug|Any CPU.ActiveCfg = Debug|Any CPU
		{d0bca65a-23bf-530a-653d-d2794386f727}.Debug|Any CPU.Build.0 = Debug|Any CPU
		{1a8157ab-6310-9bdc-bddc-f16864838230}.Debug|Any CPU.ActiveCfg = Debug|Any CPU
		{1a8157ab-6310-9bdc-bddc-f16864838230}.Debug|Any CPU.Build.0 = Debug|Any CPU
		{96969dfd-3584-eeda-3b17-9c5bae63aaac}.Debug|Any CPU.ActiveCfg = Debug|Any CPU
		{96969dfd-3584-eeda-3b17-9c5bae63aaac}.Debug|Any CPU.Build.0 = Debug|Any CPU
		{acfc75c1-ec13-e18c-2f08-3ce669335049}.Debug|Any CPU.ActiveCfg = Debug|Any CPU
		{acfc75c1-ec13-e18c-2f08-3ce669335049}.Debug|Any CPU.Build.0 = Debug|Any CPU
		{a672ddb6-619f-8d56-be61-2df5c81634c0}.Debug|Any CPU.ActiveCfg = Debug|Any CPU
		{a672ddb6-619f-8d56-be61-2df5c81634c0}.Debug|Any CPU.Build.0 = Debug|Any CPU
	EndGlobalSection
	GlobalSection(SolutionProperties) = preSolution
		HideSolutionNode = FALSE
	EndGlobalSection
EndGlobal
