
Microsoft Visual Studio Solution File, Format Version 11.00
# Visual Studio 2010
Project("{FAE04EC0-301F-11D3-BF4B-00C04F79EFBC}") = "Assets.Scripts.Physics", "Assets.Scripts.Physics.csproj", "{1ed6883c-23d3-0411-77ba-20b801729070}"
EndProject
Project("{FAE04EC0-301F-11D3-BF4B-00C04F79EFBC}") = "Assets.Scripts", "Assets.Scripts.csproj", "{c598f215-6716-6b93-fc56-8b55cb542e19}"
EndProject
Project("{FAE04EC0-301F-11D3-BF4B-00C04F79EFBC}") = "Assets", "Assets.csproj", "{fc483a6a-6a5c-9bcb-9cad-1ef50cf04080}"
EndProject
Global
	GlobalSection(SolutionConfigurationPlatforms) = preSolution
		Debug|Any CPU = Debug|Any CPU
	EndGlobalSection
	GlobalSection(ProjectConfigurationPlatforms) = postSolution
		{1ed6883c-23d3-0411-77ba-20b801729070}.Debug|Any CPU.ActiveCfg = Debug|Any CPU
		{1ed6883c-23d3-0411-77ba-20b801729070}.Debug|Any CPU.Build.0 = Debug|Any CPU
		{c598f215-6716-6b93-fc56-8b55cb542e19}.Debug|Any CPU.ActiveCfg = Debug|Any CPU
		{c598f215-6716-6b93-fc56-8b55cb542e19}.Debug|Any CPU.Build.0 = Debug|Any CPU
		{fc483a6a-6a5c-9bcb-9cad-1ef50cf04080}.Debug|Any CPU.ActiveCfg = Debug|Any CPU
		{fc483a6a-6a5c-9bcb-9cad-1ef50cf04080}.Debug|Any CPU.Build.0 = Debug|Any CPU
	EndGlobalSection
	GlobalSection(SolutionProperties) = preSolution
		HideSolutionNode = FALSE
	EndGlobalSection
EndGlobal
